// !$*UTF8*$!
{
	archiveVersion = 1;
	classes = {
	};
	objectVersion = 50;
	objects = {

/* Begin PBXBuildFile section */
		CE1163CD2172014400495D85 /* StudentVC.swift in Sources */ = {isa = PBXBuildFile; fileRef = CE1163CC2172014400495D85 /* StudentVC.swift */; };
		CE1163CF2172023E00495D85 /* BadgeVC.swift in Sources */ = {isa = PBXBuildFile; fileRef = CE1163CE2172023E00495D85 /* BadgeVC.swift */; };
		CECD0F4C2171F5860080E3DF /* AppDelegate.swift in Sources */ = {isa = PBXBuildFile; fileRef = CECD0F4B2171F5860080E3DF /* AppDelegate.swift */; };
		CECD0F4E2171F5860080E3DF /* ViewController.swift in Sources */ = {isa = PBXBuildFile; fileRef = CECD0F4D2171F5860080E3DF /* ViewController.swift */; };
		CECD0F512171F5860080E3DF /* Main.storyboard in Resources */ = {isa = PBXBuildFile; fileRef = CECD0F4F2171F5860080E3DF /* Main.storyboard */; };
		CECD0F532171F5890080E3DF /* Assets.xcassets in Resources */ = {isa = PBXBuildFile; fileRef = CECD0F522171F5890080E3DF /* Assets.xcassets */; };
		CECD0F562171F5890080E3DF /* LaunchScreen.storyboard in Resources */ = {isa = PBXBuildFile; fileRef = CECD0F542171F5890080E3DF /* LaunchScreen.storyboard */; };
		CECD0F5E2171F86A0080E3DF /* ParentVC.swift in Sources */ = {isa = PBXBuildFile; fileRef = CECD0F5D2171F86A0080E3DF /* ParentVC.swift */; };
/* End PBXBuildFile section */

/* Begin PBXFileReference section */
		CE1163CC2172014400495D85 /* StudentVC.swift */ = {isa = PBXFileReference; lastKnownFileType = sourcecode.swift; path = StudentVC.swift; sourceTree = "<group>"; };
		CE1163CE2172023E00495D85 /* BadgeVC.swift */ = {isa = PBXFileReference; lastKnownFileType = sourcecode.swift; path = BadgeVC.swift; sourceTree = "<group>"; };
		CECD0F482171F5860080E3DF /* cmaa_app.app */ = {isa = PBXFileReference; explicitFileType = wrapper.application; includeInIndex = 0; path = cmaa_app.app; sourceTree = BUILT_PRODUCTS_DIR; };
		CECD0F4B2171F5860080E3DF /* AppDelegate.swift */ = {isa = PBXFileReference; lastKnownFileType = sourcecode.swift; path = AppDelegate.swift; sourceTree = "<group>"; };
		CECD0F4D2171F5860080E3DF /* ViewController.swift */ = {isa = PBXFileReference; lastKnownFileType = sourcecode.swift; path = ViewController.swift; sourceTree = "<group>"; };
		CECD0F502171F5860080E3DF /* Base */ = {isa = PBXFileReference; lastKnownFileType = file.storyboard; name = Base; path = Base.lproj/Main.storyboard; sourceTree = "<group>"; };
		CECD0F522171F5890080E3DF /* Assets.xcassets */ = {isa = PBXFileReference; lastKnownFileType = folder.assetcatalog; path = Assets.xcassets; sourceTree = "<group>"; };
		CECD0F552171F5890080E3DF /* Base */ = {isa = PBXFileReference; lastKnownFileType = file.storyboard; name = Base; path = Base.lproj/LaunchScreen.storyboard; sourceTree = "<group>"; };
		CECD0F572171F5890080E3DF /* Info.plist */ = {isa = PBXFileReference; lastKnownFileType = text.plist.xml; path = Info.plist; sourceTree = "<group>"; };
		CECD0F5D2171F86A0080E3DF /* ParentVC.swift */ = {isa = PBXFileReference; lastKnownFileType = sourcecode.swift; path = ParentVC.swift; sourceTree = "<group>"; };
/* End PBXFileReference section */

/* Begin PBXFrameworksBuildPhase section */
		CECD0F452171F5860080E3DF /* Frameworks */ = {
			isa = PBXFrameworksBuildPhase;
			buildActionMask = 2147483647;
			files = (
			);
			runOnlyForDeploymentPostprocessing = 0;
		};
/* End PBXFrameworksBuildPhase section */

/* Begin PBXGroup section */
		CECD0F3F2171F5860080E3DF = {
			isa = PBXGroup;
			children = (
				CECD0F4A2171F5860080E3DF /* cmaa_app */,
				CECD0F492171F5860080E3DF /* Products */,
			);
			sourceTree = "<group>";
		};
		CECD0F492171F5860080E3DF /* Products */ = {
			isa = PBXGroup;
			children = (
				CECD0F482171F5860080E3DF /* cmaa_app.app */,
			);
			name = Products;
			sourceTree = "<group>";
		};
		CECD0F4A2171F5860080E3DF /* cmaa_app */ = {
			isa = PBXGroup;
			children = (
				CECD0F4B2171F5860080E3DF /* AppDelegate.swift */,
				CECD0F4D2171F5860080E3DF /* ViewController.swift */,
				CECD0F4F2171F5860080E3DF /* Main.storyboard */,
				CE1163CE2172023E00495D85 /* BadgeVC.swift */,
				CE1163CC2172014400495D85 /* StudentVC.swift */,
				CECD0F5D2171F86A0080E3DF /* ParentVC.swift */,
				CECD0F522171F5890080E3DF /* Assets.xcassets */,
				CECD0F542171F5890080E3DF /* LaunchScreen.storyboard */,
				CECD0F572171F5890080E3DF /* Info.plist */,
			);
			path = cmaa_app;
			sourceTree = "<group>";
		};
/* End PBXGroup section */

/* Begin PBXNativeTarget section */
		CECD0F472171F5860080E3DF /* cmaa_app */ = {
			isa = PBXNativeTarget;
			buildConfigurationList = CECD0F5A2171F5890080E3DF /* Build configuration list for PBXNativeTarget "cmaa_app" */;
			buildPhases = (
				CECD0F442171F5860080E3DF /* Sources */,
				CECD0F452171F5860080E3DF /* Frameworks */,
				CECD0F462171F5860080E3DF /* Resources */,
			);
			buildRules = (
			);
			dependencies = (
			);
			name = cmaa_app;
			productName = cmaa_app;
			productReference = CECD0F482171F5860080E3DF /* cmaa_app.app */;
			productType = "com.apple.product-type.application";
		};
/* End PBXNativeTarget section */

/* Begin PBXProject section */
		CECD0F402171F5860080E3DF /* Project object */ = {
			isa = PBXProject;
			attributes = {
				LastSwiftUpdateCheck = 1000;
				LastUpgradeCheck = 1000;
				ORGANIZATIONNAME = "Sarah Koop";
				TargetAttributes = {
					CECD0F472171F5860080E3DF = {
						CreatedOnToolsVersion = 10.0;
					};
				};
			};
			buildConfigurationList = CECD0F432171F5860080E3DF /* Build configuration list for PBXProject "cmaa_app" */;
			compatibilityVersion = "Xcode 9.3";
			developmentRegion = en;
			hasScannedForEncodings = 0;
			knownRegions = (
				en,
				Base,
			);
			mainGroup = CECD0F3F2171F5860080E3DF;
			productRefGroup = CECD0F492171F5860080E3DF /* Products */;
			projectDirPath = "";
			projectRoot = "";
			targets = (
				CECD0F472171F5860080E3DF /* cmaa_app */,
			);
		};
/* End PBXProject section */

/* Begin PBXResourcesBuildPhase section */
		CECD0F462171F5860080E3DF /* Resources */ = {
			isa = PBXResourcesBuildPhase;
			buildActionMask = 2147483647;
			files = (
				CECD0F562171F5890080E3DF /* LaunchScreen.storyboard in Resources */,
				CECD0F532171F5890080E3DF /* Assets.xcassets in Resources */,
				CECD0F512171F5860080E3DF /* Main.storyboard in Resources */,
			);
			runOnlyForDeploymentPostprocessing = 0;
		};
/* End PBXResourcesBuildPhase section */

/* Begin PBXSourcesBuildPhase section */
		CECD0F442171F5860080E3DF /* Sources */ = {
			isa = PBXSourcesBuildPhase;
			buildActionMask = 2147483647;
			files = (
				CECD0F4E2171F5860080E3DF /* ViewController.swift in Sources */,
				CE1163CF2172023E00495D85 /* BadgeVC.swift in Sources */,
				CECD0F4C2171F5860080E3DF /* AppDelegate.swift in Sources */,
				CE1163CD2172014400495D85 /* StudentVC.swift in Sources */,
				CECD0F5E2171F86A0080E3DF /* ParentVC.swift in Sources */,
			);
			runOnlyForDeploymentPostprocessing = 0;
		};
/* End PBXSourcesBuildPhase section */

/* Begin PBXVariantGroup section */
		CECD0F4F2171F5860080E3DF /* Main.storyboard */ = {
			isa = PBXVariantGroup;
			children = (
				CECD0F502171F5860080E3DF /* Base */,
			);
			name = Main.storyboard;
			sourceTree = "<group>";
		};
		CECD0F542171F5890080E3DF /* LaunchScreen.storyboard */ = {
			isa = PBXVariantGroup;
			children = (
				CECD0F552171F5890080E3DF /* Base */,
			);
			name = LaunchScreen.storyboard;
			sourceTree = "<group>";
		};
/* End PBXVariantGroup section */

/* Begin XCBuildConfiguration section */
		CECD0F582171F5890080E3DF /* Debug */ = {
			isa = XCBuildConfiguration;
			buildSettings = {
				ALWAYS_SEARCH_USER_PATHS = NO;
				CLANG_ANALYZER_NONNULL = YES;
				CLANG_ANALYZER_NUMBER_OBJECT_CONVERSION = YES_AGGRESSIVE;
				CLANG_CXX_LANGUAGE_STANDARD = "gnu++14";
				CLANG_CXX_LIBRARY = "libc++";
				CLANG_ENABLE_MODULES = YES;
				CLANG_ENABLE_OBJC_ARC = YES;
				CLANG_ENABLE_OBJC_WEAK = YES;
				CLANG_WARN_BLOCK_CAPTURE_AUTORELEASING = YES;
				CLANG_WARN_BOOL_CONVERSION = YES;
				CLANG_WARN_COMMA = YES;
				CLANG_WARN_CONSTANT_CONVERSION = YES;
				CLANG_WARN_DEPRECATED_OBJC_IMPLEMENTATIONS = YES;
				CLANG_WARN_DIRECT_OBJC_ISA_USAGE = YES_ERROR;
				CLANG_WARN_DOCUMENTATION_COMMENTS = YES;
				CLANG_WARN_EMPTY_BODY = YES;
				CLANG_WARN_ENUM_CONVERSION = YES;
				CLANG_WARN_INFINITE_RECURSION = YES;
				CLANG_WARN_INT_CONVERSION = YES;
				CLANG_WARN_NON_LITERAL_NULL_CONVERSION = YES;
				CLANG_WARN_OBJC_IMPLICIT_RETAIN_SELF = YES;
				CLANG_WARN_OBJC_LITERAL_CONVERSION = YES;
				CLANG_WARN_OBJC_ROOT_CLASS = YES_ERROR;
				CLANG_WARN_RANGE_LOOP_ANALYSIS = YES;
				CLANG_WARN_STRICT_PROTOTYPES = YES;
				CLANG_WARN_SUSPICIOUS_MOVE = YES;
				CLANG_WARN_UNGUARDED_AVAILABILITY = YES_AGGRESSIVE;
				CLANG_WARN_UNREACHABLE_CODE = YES;
				CLANG_WARN__DUPLICATE_METHOD_MATCH = YES;
				CODE_SIGN_IDENTITY = "iPhone Developer";
				COPY_PHASE_STRIP = NO;
				DEBUG_INFORMATION_FORMAT = dwarf;
				ENABLE_STRICT_OBJC_MSGSEND = YES;
				ENABLE_TESTABILITY = YES;
				GCC_C_LANGUAGE_STANDARD = gnu11;
				GCC_DYNAMIC_NO_PIC = NO;
				GCC_NO_COMMON_BLOCKS = YES;
				GCC_OPTIMIZATION_LEVEL = 0;
				GCC_PREPROCESSOR_DEFINITIONS = (
					"DEBUG=1",
					"$(inherited)",
				);
				GCC_WARN_64_TO_32_BIT_CONVERSION = YES;
				GCC_WARN_ABOUT_RETURN_TYPE = YES_ERROR;
				GCC_WARN_UNDECLARED_SELECTOR = YES;
				GCC_WARN_UNINITIALIZED_AUTOS = YES_AGGRESSIVE;
				GCC_WARN_UNUSED_FUNCTION = YES;
				GCC_WARN_UNUSED_VARIABLE = YES;
				IPHONEOS_DEPLOYMENT_TARGET = 12.0;
				MTL_ENABLE_DEBUG_INFO = INCLUDE_SOURCE;
				MTL_FAST_MATH = YES;
				ONLY_ACTIVE_ARCH = YES;
				SDKROOT = iphoneos;
				SWIFT_ACTIVE_COMPILATION_CONDITIONS = DEBUG;
				SWIFT_OPTIMIZATION_LEVEL = "-Onone";
			};
			name = Debug;
		};
		CECD0F592171F5890080E3DF /* Release */ = {
			isa = XCBuildConfiguration;
			buildSettings = {
				ALWAYS_SEARCH_USER_PATHS = NO;
				CLANG_ANALYZER_NONNULL = YES;
				CLANG_ANALYZER_NUMBER_OBJECT_CONVERSION = YES_AGGRESSIVE;
				CLANG_CXX_LANGUAGE_STANDARD = "gnu++14";
				CLANG_CXX_LIBRARY = "libc++";
				CLANG_ENABLE_MODULES = YES;
				CLANG_ENABLE_OBJC_ARC = YES;
				CLANG_ENABLE_OBJC_WEAK = YES;
				CLANG_WARN_BLOCK_CAPTURE_AUTORELEASING = YES;
				CLANG_WARN_BOOL_CONVERSION = YES;
				CLANG_WARN_COMMA = YES;
				CLANG_WARN_CONSTANT_CONVERSION = YES;
				CLANG_WARN_DEPRECATED_OBJC_IMPLEMENTATIONS = YES;
				CLANG_WARN_DIRECT_OBJC_ISA_USAGE = YES_ERROR;
				CLANG_WARN_DOCUMENTATION_COMMENTS = YES;
				CLANG_WARN_EMPTY_BODY = YES;
				CLANG_WARN_ENUM_CONVERSION = YES;
				CLANG_WARN_INFINITE_RECURSION = YES;
				CLANG_WARN_INT_CONVERSION = YES;
				CLANG_WARN_NON_LITERAL_NULL_CONVERSION = YES;
				CLANG_WARN_OBJC_IMPLICIT_RETAIN_SELF = YES;
				CLANG_WARN_OBJC_LITERAL_CONVERSION = YES;
				CLANG_WARN_OBJC_ROOT_CLASS = YES_ERROR;
				CLANG_WARN_RANGE_LOOP_ANALYSIS = YES;
				CLANG_WARN_STRICT_PROTOTYPES = YES;
				CLANG_WARN_SUSPICIOUS_MOVE = YES;
				CLANG_WARN_UNGUARDED_AVAILABILITY = YES_AGGRESSIVE;
				CLANG_WARN_UNREACHABLE_CODE = YES;
				CLANG_WARN__DUPLICATE_METHOD_MATCH = YES;
				CODE_SIGN_IDENTITY = "iPhone Developer";
				COPY_PHASE_STRIP = NO;
				DEBUG_INFORMATION_FORMAT = "dwarf-with-dsym";
				ENABLE_NS_ASSERTIONS = NO;
				ENABLE_STRICT_OBJC_MSGSEND = YES;
				GCC_C_LANGUAGE_STANDARD = gnu11;
				GCC_NO_COMMON_BLOCKS = YES;
				GCC_WARN_64_TO_32_BIT_CONVERSION = YES;
				GCC_WARN_ABOUT_RETURN_TYPE = YES_ERROR;
				GCC_WARN_UNDECLARED_SELECTOR = YES;
				GCC_WARN_UNINITIALIZED_AUTOS = YES_AGGRESSIVE;
				GCC_WARN_UNUSED_FUNCTION = YES;
				GCC_WARN_UNUSED_VARIABLE = YES;
				IPHONEOS_DEPLOYMENT_TARGET = 12.0;
				MTL_ENABLE_DEBUG_INFO = NO;
				MTL_FAST_MATH = YES;
				SDKROOT = iphoneos;
				SWIFT_COMPILATION_MODE = wholemodule;
				SWIFT_OPTIMIZATION_LEVEL = "-O";
				VALIDATE_PRODUCT = YES;
			};
			name = Release;
		};
		CECD0F5B2171F5890080E3DF /* Debug */ = {
			isa = XCBuildConfiguration;
			buildSettings = {
				ASSETCATALOG_COMPILER_APPICON_NAME = AppIcon;
				CODE_SIGN_STYLE = Automatic;
				INFOPLIST_FILE = cmaa_app/Info.plist;
				LD_RUNPATH_SEARCH_PATHS = (
					"$(inherited)",
					"@executable_path/Frameworks",
				);
				PRODUCT_BUNDLE_IDENTIFIER = "com.example.cmaa-app";
				PRODUCT_NAME = "$(TARGET_NAME)";
				SWIFT_VERSION = 4.2;
				TARGETED_DEVICE_FAMILY = "1,2";
			};
			name = Debug;
		};
		CECD0F5C2171F5890080E3DF /* Release */ = {
			isa = XCBuildConfiguration;
			buildSettings = {
				ASSETCATALOG_COMPILER_APPICON_NAME = AppIcon;
				CODE_SIGN_STYLE = Automatic;
				INFOPLIST_FILE = cmaa_app/Info.plist;
				LD_RUNPATH_SEARCH_PATHS = (
					"$(inherited)",
					"@executable_path/Frameworks",
				);
				PRODUCT_BUNDLE_IDENTIFIER = "com.example.cmaa-app";
				PRODUCT_NAME = "$(TARGET_NAME)";
				SWIFT_VERSION = 4.2;
				TARGETED_DEVICE_FAMILY = "1,2";
			};
			name = Release;
		};
/* End XCBuildConfiguration section */

/* Begin XCConfigurationList section */
		CECD0F432171F5860080E3DF /* Build configuration list for PBXProject "cmaa_app" */ = {
			isa = XCConfigurationList;
			buildConfigurations = (
				CECD0F582171F5890080E3DF /* Debug */,
				CECD0F592171F5890080E3DF /* Release */,
			);
			defaultConfigurationIsVisible = 0;
			defaultConfigurationName = Release;
		};
		CECD0F5A2171F5890080E3DF /* Build configuration list for PBXNativeTarget "cmaa_app" */ = {
			isa = XCConfigurationList;
			buildConfigurations = (
				CECD0F5B2171F5890080E3DF /* Debug */,
				CECD0F5C2171F5890080E3DF /* Release */,
			);
			defaultConfigurationIsVisible = 0;
			defaultConfigurationName = Release;
		};
/* End XCConfigurationList section */
	};
	rootObject = CECD0F402171F5860080E3DF /* Project object */;
}
